{
    "name": "voxellaneous-common",
    "version": "0.1.0",
    "lockfileVersion": 3,
    "requires": true,
    "packages": {
        "": {
            "name": "voxellaneous-common",
            "version": "0.1.0",
            "dependencies": {
                "@bufbuild/protobuf": "^2.0.0"
            },
            "devDependencies": {
                "@bufbuild/buf": "^1.47.0",
                "@bufbuild/protoc-gen-es": "^2.0.0",
                "typescript": "^5.5.4"
            }
        },
        "node_modules/@bufbuild/buf": {
            "version": "1.65.0",
            "resolved": "https://registry.npmjs.org/@bufbuild/buf/-/buf-1.65.0.tgz",
            "integrity": "sha512-IQmIBB2CGbJAwx1NkuAWMuj4QGPnZ8mujbf4ckx9t6KI9EzfUzql1OyKi9qPrxlLAciI+kBIyPDQ2MIvXTxWUg==",
            "dev": true,
            "hasInstallScript": true,
            "license": "Apache-2.0",
            "bin": {
                "buf": "bin/buf",
                "protoc-gen-buf-breaking": "bin/protoc-gen-buf-breaking",
                "protoc-gen-buf-lint": "bin/protoc-gen-buf-lint"
            },
            "engines": {
                "node": ">=12"
            },
            "optionalDependencies": {
                "@bufbuild/buf-darwin-arm64": "1.65.0",
                "@bufbuild/buf-darwin-x64": "1.65.0",
                "@bufbuild/buf-linux-aarch64": "1.65.0",
                "@bufbuild/buf-linux-armv7": "1.65.0",
                "@bufbuild/buf-linux-x64": "1.65.0",
                "@bufbuild/buf-win32-arm64": "1.65.0",
                "@bufbuild/buf-win32-x64": "1.65.0"
            }
        },
        "node_modules/@bufbuild/buf-darwin-arm64": {
            "version": "1.65.0",
            "resolved": "https://registry.npmjs.org/@bufbuild/buf-darwin-arm64/-/buf-darwin-arm64-1.65.0.tgz",
            "integrity": "sha512-2U8CHjW1ysINYKwIPcc4WAiQPxe91RIjNtjpg+RC9rP0aZ7TpGm5MTMY5l3sN4drtmKdb9rBs3bMQsMNhSc90A==",
            "cpu": [
                "arm64"
            ],
            "dev": true,
            "license": "Apache-2.0",
            "optional": true,
            "os": [
                "darwin"
            ],
            "engines": {
                "node": ">=12"
            }
        },
        "node_modules/@bufbuild/buf-darwin-x64": {
            "version": "1.65.0",
            "resolved": "https://registry.npmjs.org/@bufbuild/buf-darwin-x64/-/buf-darwin-x64-1.65.0.tgz",
            "integrity": "sha512-aMqfc6pQC4L9dZpSD61XCEpPWKEtb1rXDPkK0/tzrfTWodnbaJ/elNoxsCGzbZVSMFeAdomUpXmSMrk8ALfWWw==",
            "cpu": [
                "x64"
            ],
            "dev": true,
            "license": "Apache-2.0",
            "optional": true,
            "os": [
                "darwin"
            ],
            "engines": {
                "node": ">=12"
            }
        },
        "node_modules/@bufbuild/buf-linux-aarch64": {
            "version": "1.65.0",
            "resolved": "https://registry.npmjs.org/@bufbuild/buf-linux-aarch64/-/buf-linux-aarch64-1.65.0.tgz",
            "integrity": "sha512-gzqvY4PLRQ7g0+RlE9g+OL/6yPd5szG7e3Wd5bgjJzfKaQerNiQWaGyPLdcRsIM/WxJhT5e5lG8OrrWHwgQ9Ig==",
            "cpu": [
                "arm64"
            ],
            "dev": true,
            "license": "Apache-2.0",
            "optional": true,
            "os": [
                "linux"
            ],
            "engines": {
                "node": ">=12"
            }
        },
        "node_modules/@bufbuild/buf-linux-armv7": {
            "version": "1.65.0",
            "resolved": "https://registry.npmjs.org/@bufbuild/buf-linux-armv7/-/buf-linux-armv7-1.65.0.tgz",
            "integrity": "sha512-RpYFuPr9MKniD+WNfDgCclyvMu+/w9kK41OWr9sNnbS2BorujskwPiY0iTf5j+8+n/MeAnLIGlyC36+vUB/wIw==",
            "cpu": [
                "arm"
            ],
            "dev": true,
            "license": "Apache-2.0",
            "optional": true,
            "os": [
                "linux"
            ],
            "engines": {
                "node": ">=12"
            }
        },
        "node_modules/@bufbuild/buf-linux-x64": {
            "version": "1.65.0",
            "resolved": "https://registry.npmjs.org/@bufbuild/buf-linux-x64/-/buf-linux-x64-1.65.0.tgz",
            "integrity": "sha512-0j06h1uKCXlOtrlNcTBkURazT+AwMNvuVxgJsYeUDnSliN05QS7LnBzPOwKg76ariSqlLo+QXk9eNtdhgVjYOg==",
            "cpu": [
                "x64"
            ],
            "dev": true,
            "license": "Apache-2.0",
            "optional": true,
            "os": [
                "linux"
            ],
            "engines": {
                "node": ">=12"
            }
        },
        "node_modules/@bufbuild/buf-win32-arm64": {
            "version": "1.65.0",
            "resolved": "https://registry.npmjs.org/@bufbuild/buf-win32-arm64/-/buf-win32-arm64-1.65.0.tgz",
            "integrity": "sha512-KBFsQ3iEityUuLTUCoXAO6ZTGUXWljSjK4upqofsYCb4OJeSeVguD7b09efkQt9ymKsXBt5wQicsRdkMJy/VEA==",
            "cpu": [
                "arm64"
            ],
            "dev": true,
            "license": "Apache-2.0",
            "optional": true,
            "os": [
                "win32"
            ],
            "engines": {
                "node": ">=12"
            }
        },
        "node_modules/@bufbuild/buf-win32-x64": {
            "version": "1.65.0",
            "resolved": "https://registry.npmjs.org/@bufbuild/buf-win32-x64/-/buf-win32-x64-1.65.0.tgz",
            "integrity": "sha512-vJYzHjncSLdy4sPDW8kLqUldHh6Vucg6KabAflm7CDj29lU/HydV8T+nOVsXkoRMUf4+H/qy8WjnSMEtRkaogA==",
            "cpu": [
                "x64"
            ],
            "dev": true,
            "license": "Apache-2.0",
            "optional": true,
            "os": [
                "win32"
            ],
            "engines": {
                "node": ">=12"
            }
        },
        "node_modules/@bufbuild/protobuf": {
            "version": "2.11.0",
            "resolved": "https://registry.npmjs.org/@bufbuild/protobuf/-/protobuf-2.11.0.tgz",
            "integrity": "sha512-sBXGT13cpmPR5BMgHE6UEEfEaShh5Ror6rfN3yEK5si7QVrtZg8LEPQb0VVhiLRUslD2yLnXtnRzG035J/mZXQ==",
            "license": "(Apache-2.0 AND BSD-3-Clause)"
        },
        "node_modules/@bufbuild/protoc-gen-es": {
            "version": "2.11.0",
            "resolved": "https://registry.npmjs.org/@bufbuild/protoc-gen-es/-/protoc-gen-es-2.11.0.tgz",
            "integrity": "sha512-VzQuwEQDXipbZ1soWUuAWm1Z0C3B/IDWGeysnbX6ogJ6As91C2mdvAND/ekQ4YIWgen4d5nqLfIBOWLqCCjYUA==",
            "dev": true,
            "license": "Apache-2.0",
            "dependencies": {
                "@bufbuild/protobuf": "2.11.0",
                "@bufbuild/protoplugin": "2.11.0"
            },
            "bin": {
                "protoc-gen-es": "bin/protoc-gen-es"
            },
            "engines": {
                "node": ">=20"
            },
            "peerDependencies": {
                "@bufbuild/protobuf": "2.11.0"
            },
            "peerDependenciesMeta": {
                "@bufbuild/protobuf": {
                    "optional": true
                }
            }
        },
        "node_modules/@bufbuild/protoplugin": {
            "version": "2.11.0",
            "resolved": "https://registry.npmjs.org/@bufbuild/protoplugin/-/protoplugin-2.11.0.tgz",
            "integrity": "sha512-lyZVNFUHArIOt4W0+dwYBe5GBwbKzbOy8ObaloEqsw9Mmiwv2O48TwddDoHN4itylC+BaEGqFdI1W8WQt2vWJQ==",
            "dev": true,
            "license": "Apache-2.0",
            "dependencies": {
                "@bufbuild/protobuf": "2.11.0",
                "@typescript/vfs": "^1.6.2",
                "typescript": "5.4.5"
            }
        },
        "node_modules/@bufbuild/protoplugin/node_modules/typescript": {
            "version": "5.4.5",
            "resolved": "https://registry.npmjs.org/typescript/-/typescript-5.4.5.tgz",
            "integrity": "sha512-vcI4UpRgg81oIRUFwR0WSIHKt11nJ7SAVlYNIu+QpqeyXP+gpQJy/Z4+F0aGxSE4MqwjyXvW/TzgkLAx2AGHwQ==",
            "dev": true,
            "license": "Apache-2.0",
            "bin": {
                "tsc": "bin/tsc",
                "tsserver": "bin/tsserver"
            },
            "engines": {
                "node": ">=14.17"
            }
        },
        "node_modules/@typescript/vfs": {
            "version": "1.6.2",
            "resolved": "https://registry.npmjs.org/@typescript/vfs/-/vfs-1.6.2.tgz",
            "integrity": "sha512-hoBwJwcbKHmvd2QVebiytN1aELvpk9B74B4L1mFm/XT1Q/VOYAWl2vQ9AWRFtQq8zmz6enTpfTV8WRc4ATjW/g==",
            "dev": true,
            "license": "MIT",
            "dependencies": {
                "debug": "^4.1.1"
            },
            "peerDependencies": {
                "typescript": "*"
            }
        },
        "node_modules/debug": {
            "version": "4.4.3",
            "resolved": "https://registry.npmjs.org/debug/-/debug-4.4.3.tgz",
            "integrity": "sha512-RGwwWnwQvkVfavKVt22FGLw+xYSdzARwm0ru6DhTVA3umU5hZc28V3kO4stgYryrTlLpuvgI9GiijltAjNbcqA==",
            "dev": true,
            "license": "MIT",
            "dependencies": {
                "ms": "^2.1.3"
            },
            "engines": {
                "node": ">=6.0"
            },
            "peerDependenciesMeta": {
                "supports-color": {
                    "optional": true
                }
            }
        },
        "node_modules/ms": {
            "version": "2.1.3",
            "resolved": "https://registry.npmjs.org/ms/-/ms-2.1.3.tgz",
            "integrity": "sha512-6FlzubTLZG3J2a/NVCAleEhjzq5oxgHyaCU9yYXvcLsvoVaHJq/s5xXI6/XXP6tz7R9xAOtHnSO/tXtF3WRTlA==",
            "dev": true,
            "license": "MIT"
        },
        "node_modules/typescript": {
            "version": "5.9.3",
            "resolved": "https://registry.npmjs.org/typescript/-/typescript-5.9.3.tgz",
            "integrity": "sha512-jl1vZzPDinLr9eUt3J/t7V6FgNEw9QjvBPdysz9KfQDD41fQrC2Y4vKQdiaUpFT4bXlb1RHhLpp8wtm6M5TgSw==",
            "dev": true,
            "license": "Apache-2.0",
            "bin": {
                "tsc": "bin/tsc",
                "tsserver": "bin/tsserver"
            },
            "engines": {
                "node": ">=14.17"
            }
        }
    }
}
